// !$*UTF8*$!
{
	archiveVersion = 1;
	classes = {
	};
	objectVersion = 48;
	objects = {

/* Begin PBXBuildFile section */
		3432C73A1F2DDFE30001E70D /* LogInViewController.swift in Sources */ = {isa = PBXBuildFile; fileRef = 3432C7391F2DDFE30001E70D /* LogInViewController.swift */; };
		34BB016E1F2D17CF004D796B /* AppDelegate.swift in Sources */ = {isa = PBXBuildFile; fileRef = 34BB016D1F2D17CF004D796B /* AppDelegate.swift */; };
		34BB01701F2D17CF004D796B /* ViewController.swift in Sources */ = {isa = PBXBuildFile; fileRef = 34BB016F1F2D17CF004D796B /* ViewController.swift */; };
		34BB01731F2D17CF004D796B /* Main.storyboard in Resources */ = {isa = PBXBuildFile; fileRef = 34BB01711F2D17CF004D796B /* Main.storyboard */; };
		34BB01751F2D17CF004D796B /* Assets.xcassets in Resources */ = {isa = PBXBuildFile; fileRef = 34BB01741F2D17CF004D796B /* Assets.xcassets */; };
		34BB01781F2D17CF004D796B /* LaunchScreen.storyboard in Resources */ = {isa = PBXBuildFile; fileRef = 34BB01761F2D17CF004D796B /* LaunchScreen.storyboard */; };
		34BB01831F2D17CF004D796B /* SampleTests.swift in Sources */ = {isa = PBXBuildFile; fileRef = 34BB01821F2D17CF004D796B /* SampleTests.swift */; };
		E1CA27EB1F8D5CA60070671E /* KeychainWrapperTests.swift in Sources */ = {isa = PBXBuildFile; fileRef = E1CA27EA1F8D5CA60070671E /* KeychainWrapperTests.swift */; };
/* End PBXBuildFile section */

/* Begin PBXContainerItemProxy section */
		34BB017F1F2D17CF004D796B /* PBXContainerItemProxy */ = {
			isa = PBXContainerItemProxy;
			containerPortal = 34BB01621F2D17CE004D796B /* Project object */;
			proxyType = 1;
			remoteGlobalIDString = 34BB01691F2D17CE004D796B;
			remoteInfo = Sample;
		};
/* End PBXContainerItemProxy section */

/* Begin PBXCopyFilesBuildPhase section */
		34BB019D1F2D1817004D796B /* Embed Frameworks */ = {
			isa = PBXCopyFilesBuildPhase;
			buildActionMask = 2147483647;
			dstPath = "";
			dstSubfolderSpec = 10;
			files = (
			);
			name = "Embed Frameworks";
			runOnlyForDeploymentPostprocessing = 0;
		};
/* End PBXCopyFilesBuildPhase section */

/* Begin PBXFileReference section */
		3432C7391F2DDFE30001E70D /* LogInViewController.swift */ = {isa = PBXFileReference; lastKnownFileType = sourcecode.swift; path = LogInViewController.swift; sourceTree = "<group>"; };
		34BB016A1F2D17CE004D796B /* Sample.app */ = {isa = PBXFileReference; explicitFileType = wrapper.application; includeInIndex = 0; path = Sample.app; sourceTree = BUILT_PRODUCTS_DIR; };
		34BB016D1F2D17CF004D796B /* AppDelegate.swift */ = {isa = PBXFileReference; lastKnownFileType = sourcecode.swift; path = AppDelegate.swift; sourceTree = "<group>"; };
		34BB016F1F2D17CF004D796B /* ViewController.swift */ = {isa = PBXFileReference; lastKnownFileType = sourcecode.swift; path = ViewController.swift; sourceTree = "<group>"; };
		34BB01721F2D17CF004D796B /* Base */ = {isa = PBXFileReference; lastKnownFileType = file.storyboard; name = Base; path = Base.lproj/Main.storyboard; sourceTree = "<group>"; };
		34BB01741F2D17CF004D796B /* Assets.xcassets */ = {isa = PBXFileReference; lastKnownFileType = folder.assetcatalog; path = Assets.xcassets; sourceTree = "<group>"; };
		34BB01771F2D17CF004D796B /* Base */ = {isa = PBXFileReference; lastKnownFileType = file.storyboard; name = Base; path = Base.lproj/LaunchScreen.storyboard; sourceTree = "<group>"; };
		34BB01791F2D17CF004D796B /* Info.plist */ = {isa = PBXFileReference; lastKnownFileType = text.plist.xml; path = Info.plist; sourceTree = "<group>"; };
		34BB017E1F2D17CF004D796B /* SampleTests.xctest */ = {isa = PBXFileReference; explicitFileType = wrapper.cfbundle; includeInIndex = 0; path = SampleTests.xctest; sourceTree = BUILT_PRODUCTS_DIR; };
		34BB01821F2D17CF004D796B /* SampleTests.swift */ = {isa = PBXFileReference; lastKnownFileType = sourcecode.swift; path = SampleTests.swift; sourceTree = "<group>"; };
		34BB01841F2D17CF004D796B /* Info.plist */ = {isa = PBXFileReference; lastKnownFileType = text.plist.xml; path = Info.plist; sourceTree = "<group>"; };
		E1CA27EA1F8D5CA60070671E /* KeychainWrapperTests.swift */ = {isa = PBXFileReference; lastKnownFileType = sourcecode.swift; path = KeychainWrapperTests.swift; sourceTree = "<group>"; };
/* End PBXFileReference section */

/* Begin PBXFrameworksBuildPhase section */
		34BB01671F2D17CE004D796B /* Frameworks */ = {
			isa = PBXFrameworksBuildPhase;
			buildActionMask = 2147483647;
			files = (
			);
			runOnlyForDeploymentPostprocessing = 0;
		};
		34BB017B1F2D17CF004D796B /* Frameworks */ = {
			isa = PBXFrameworksBuildPhase;
			buildActionMask = 2147483647;
			files = (
			);
			runOnlyForDeploymentPostprocessing = 0;
		};
/* End PBXFrameworksBuildPhase section */

/* Begin PBXGroup section */
		34BB01611F2D17CE004D796B = {
			isa = PBXGroup;
			children = (
				34BB016C1F2D17CE004D796B /* Sample */,
				34BB01811F2D17CF004D796B /* SampleTests */,
				34BB016B1F2D17CE004D796B /* Products */,
			);
			sourceTree = "<group>";
		};
		34BB016B1F2D17CE004D796B /* Products */ = {
			isa = PBXGroup;
			children = (
				34BB016A1F2D17CE004D796B /* Sample.app */,
				34BB017E1F2D17CF004D796B /* SampleTests.xctest */,
			);
			name = Products;
			sourceTree = "<group>";
		};
		34BB016C1F2D17CE004D796B /* Sample */ = {
			isa = PBXGroup;
			children = (
				34BB016D1F2D17CF004D796B /* AppDelegate.swift */,
				3432C7391F2DDFE30001E70D /* LogInViewController.swift */,
				34BB016F1F2D17CF004D796B /* ViewController.swift */,
				34BB01711F2D17CF004D796B /* Main.storyboard */,
				34BB01741F2D17CF004D796B /* Assets.xcassets */,
				34BB01761F2D17CF004D796B /* LaunchScreen.storyboard */,
				34BB01791F2D17CF004D796B /* Info.plist */,
			);
			path = Sample;
			sourceTree = "<group>";
		};
		34BB01811F2D17CF004D796B /* SampleTests */ = {
			isa = PBXGroup;
			children = (
				34BB01821F2D17CF004D796B /* SampleTests.swift */,
				E1CA27EA1F8D5CA60070671E /* KeychainWrapperTests.swift */,
				34BB01841F2D17CF004D796B /* Info.plist */,
			);
			path = SampleTests;
			sourceTree = "<group>";
		};
/* End PBXGroup section */

/* Begin PBXNativeTarget section */
		34BB01691F2D17CE004D796B /* Sample */ = {
			isa = PBXNativeTarget;
			buildConfigurationList = 34BB01871F2D17CF004D796B /* Build configuration list for PBXNativeTarget "Sample" */;
			buildPhases = (
				34BB01661F2D17CE004D796B /* Sources */,
				34BB01671F2D17CE004D796B /* Frameworks */,
				34BB01681F2D17CE004D796B /* Resources */,
				34BB019D1F2D1817004D796B /* Embed Frameworks */,
			);
			buildRules = (
			);
			dependencies = (
			);
			name = Sample;
			productName = Sample;
			productReference = 34BB016A1F2D17CE004D796B /* Sample.app */;
			productType = "com.apple.product-type.application";
		};
		34BB017D1F2D17CF004D796B /* SampleTests */ = {
			isa = PBXNativeTarget;
			buildConfigurationList = 34BB018A1F2D17CF004D796B /* Build configuration list for PBXNativeTarget "SampleTests" */;
			buildPhases = (
				34BB017A1F2D17CF004D796B /* Sources */,
				34BB017B1F2D17CF004D796B /* Frameworks */,
				34BB017C1F2D17CF004D796B /* Resources */,
			);
			buildRules = (
			);
			dependencies = (
				34BB01801F2D17CF004D796B /* PBXTargetDependency */,
			);
			name = SampleTests;
			productName = SampleTests;
			productReference = 34BB017E1F2D17CF004D796B /* SampleTests.xctest */;
			productType = "com.apple.product-type.bundle.unit-test";
		};
/* End PBXNativeTarget section */

/* Begin PBXProject section */
		34BB01621F2D17CE004D796B /* Project object */ = {
			isa = PBXProject;
			attributes = {
				LastSwiftUpdateCheck = 0900;
				LastUpgradeCheck = 0900;
				ORGANIZATIONNAME = Spotify;
				TargetAttributes = {
					34BB01691F2D17CE004D796B = {
						CreatedOnToolsVersion = 9.0;
					};
					34BB017D1F2D17CF004D796B = {
						CreatedOnToolsVersion = 9.0;
						TestTargetID = 34BB01691F2D17CE004D796B;
					};
				};
			};
			buildConfigurationList = 34BB01651F2D17CE004D796B /* Build configuration list for PBXProject "Sample" */;
			compatibilityVersion = "Xcode 8.0";
			developmentRegion = en;
			hasScannedForEncodings = 0;
			knownRegions = (
				en,
				Base,
			);
			mainGroup = 34BB01611F2D17CE004D796B;
			productRefGroup = 34BB016B1F2D17CE004D796B /* Products */;
			projectDirPath = "";
			projectRoot = "";
			targets = (
				34BB01691F2D17CE004D796B /* Sample */,
				34BB017D1F2D17CF004D796B /* SampleTests */,
			);
		};
/* End PBXProject section */

/* Begin PBXResourcesBuildPhase section */
		34BB01681F2D17CE004D796B /* Resources */ = {
			isa = PBXResourcesBuildPhase;
			buildActionMask = 2147483647;
			files = (
				34BB01781F2D17CF004D796B /* LaunchScreen.storyboard in Resources */,
				34BB01751F2D17CF004D796B /* Assets.xcassets in Resources */,
				34BB01731F2D17CF004D796B /* Main.storyboard in Resources */,
			);
			runOnlyForDeploymentPostprocessing = 0;
		};
		34BB017C1F2D17CF004D796B /* Resources */ = {
			isa = PBXResourcesBuildPhase;
			buildActionMask = 2147483647;
			files = (
			);
			runOnlyForDeploymentPostprocessing = 0;
		};
/* End PBXResourcesBuildPhase section */

/* Begin PBXSourcesBuildPhase section */
		34BB01661F2D17CE004D796B /* Sources */ = {
			isa = PBXSourcesBuildPhase;
			buildActionMask = 2147483647;
			files = (
				34BB01701F2D17CF004D796B /* ViewController.swift in Sources */,
				34BB016E1F2D17CF004D796B /* AppDelegate.swift in Sources */,
				3432C73A1F2DDFE30001E70D /* LogInViewController.swift in Sources */,
			);
			runOnlyForDeploymentPostprocessing = 0;
		};
		34BB017A1F2D17CF004D796B /* Sources */ = {
			isa = PBXSourcesBuildPhase;
			buildActionMask = 2147483647;
			files = (
				34BB01831F2D17CF004D796B /* SampleTests.swift in Sources */,
				E1CA27EB1F8D5CA60070671E /* KeychainWrapperTests.swift in Sources */,
			);
			runOnlyForDeploymentPostprocessing = 0;
		};
/* End PBXSourcesBuildPhase section */

/* Begin PBXTargetDependency section */
		34BB01801F2D17CF004D796B /* PBXTargetDependency */ = {
			isa = PBXTargetDependency;
			target = 34BB01691F2D17CE004D796B /* Sample */;
			targetProxy = 34BB017F1F2D17CF004D796B /* PBXContainerItemProxy */;
		};
/* End PBXTargetDependency section */

/* Begin PBXVariantGroup section */
		34BB01711F2D17CF004D796B /* Main.storyboard */ = {
			isa = PBXVariantGroup;
			children = (
				34BB01721F2D17CF004D796B /* Base */,
			);
			name = Main.storyboard;
			sourceTree = "<group>";
		};
		34BB01761F2D17CF004D796B /* LaunchScreen.storyboard */ = {
			isa = PBXVariantGroup;
			children = (
				34BB01771F2D17CF004D796B /* Base */,
			);
			name = LaunchScreen.storyboard;
			sourceTree = "<group>";
		};
/* End PBXVariantGroup section */

/* Begin XCBuildConfiguration section */
		34BB01851F2D17CF004D796B /* Debug */ = {
			isa = XCBuildConfiguration;
			buildSettings = {
				ALWAYS_SEARCH_USER_PATHS = NO;
				CLANG_ANALYZER_NONNULL = YES;
				CLANG_ANALYZER_NUMBER_OBJECT_CONVERSION = YES_AGGRESSIVE;
				CLANG_CXX_LANGUAGE_STANDARD = "gnu++14";
				CLANG_CXX_LIBRARY = "libc++";
				CLANG_ENABLE_MODULES = YES;
				CLANG_ENABLE_OBJC_ARC = YES;
				CLANG_WARN_BLOCK_CAPTURE_AUTORELEASING = YES;
				CLANG_WARN_BOOL_CONVERSION = YES;
				CLANG_WARN_COMMA = YES;
				CLANG_WARN_CONSTANT_CONVERSION = YES;
				CLANG_WARN_DIRECT_OBJC_ISA_USAGE = YES_ERROR;
				CLANG_WARN_DOCUMENTATION_COMMENTS = YES;
				CLANG_WARN_EMPTY_BODY = YES;
				CLANG_WARN_ENUM_CONVERSION = YES;
				CLANG_WARN_INFINITE_RECURSION = YES;
				CLANG_WARN_INT_CONVERSION = YES;
				CLANG_WARN_NON_LITERAL_NULL_CONVERSION = YES;
				CLANG_WARN_OBJC_LITERAL_CONVERSION = YES;
				CLANG_WARN_OBJC_ROOT_CLASS = YES_ERROR;
				CLANG_WARN_RANGE_LOOP_ANALYSIS = YES;
				CLANG_WARN_STRICT_PROTOTYPES = YES;
				CLANG_WARN_SUSPICIOUS_MOVE = YES;
				CLANG_WARN_UNGUARDED_AVAILABILITY = YES_AGGRESSIVE;
				CLANG_WARN_UNREACHABLE_CODE = YES;
				CLANG_WARN__DUPLICATE_METHOD_MATCH = YES;
				CODE_SIGN_IDENTITY = "iPhone Developer";
				COPY_PHASE_STRIP = NO;
				DEBUG_INFORMATION_FORMAT = dwarf;
				ENABLE_STRICT_OBJC_MSGSEND = YES;
				ENABLE_TESTABILITY = YES;
				GCC_C_LANGUAGE_STANDARD = gnu11;
				GCC_DYNAMIC_NO_PIC = NO;
				GCC_NO_COMMON_BLOCKS = YES;
				GCC_OPTIMIZATION_LEVEL = 0;
				GCC_PREPROCESSOR_DEFINITIONS = (
					"DEBUG=1",
					"$(inherited)",
				);
				GCC_WARN_64_TO_32_BIT_CONVERSION = YES;
				GCC_WARN_ABOUT_RETURN_TYPE = YES_ERROR;
				GCC_WARN_UNDECLARED_SELECTOR = YES;
				GCC_WARN_UNINITIALIZED_AUTOS = YES_AGGRESSIVE;
				GCC_WARN_UNUSED_FUNCTION = YES;
				GCC_WARN_UNUSED_VARIABLE = YES;
				IPHONEOS_DEPLOYMENT_TARGET = 9.0;
				MTL_ENABLE_DEBUG_INFO = YES;
				ONLY_ACTIVE_ARCH = YES;
				SDKROOT = iphoneos;
				SWIFT_ACTIVE_COMPILATION_CONDITIONS = DEBUG;
				SWIFT_OPTIMIZATION_LEVEL = "-Onone";
			};
			name = Debug;
		};
		34BB01861F2D17CF004D796B /* Release */ = {
			isa = XCBuildConfiguration;
			buildSettings = {
				ALWAYS_SEARCH_USER_PATHS = NO;
				CLANG_ANALYZER_NONNULL = YES;
				CLANG_ANALYZER_NUMBER_OBJECT_CONVERSION = YES_AGGRESSIVE;
				CLANG_CXX_LANGUAGE_STANDARD = "gnu++14";
				CLANG_CXX_LIBRARY = "libc++";
				CLANG_ENABLE_MODULES = YES;
				CLANG_ENABLE_OBJC_ARC = YES;
				CLANG_WARN_BLOCK_CAPTURE_AUTORELEASING = YES;
				CLANG_WARN_BOOL_CONVERSION = YES;
				CLANG_WARN_COMMA = YES;
				CLANG_WARN_CONSTANT_CONVERSION = YES;
				CLANG_WARN_DIRECT_OBJC_ISA_USAGE = YES_ERROR;
				CLANG_WARN_DOCUMENTATION_COMMENTS = YES;
				CLANG_WARN_EMPTY_BODY = YES;
				CLANG_WARN_ENUM_CONVERSION = YES;
				CLANG_WARN_INFINITE_RECURSION = YES;
				CLANG_WARN_INT_CONVERSION = YES;
				CLANG_WARN_NON_LITERAL_NULL_CONVERSION = YES;
				CLANG_WARN_OBJC_LITERAL_CONVERSION = YES;
				CLANG_WARN_OBJC_ROOT_CLASS = YES_ERROR;
				CLANG_WARN_RANGE_LOOP_ANALYSIS = YES;
				CLANG_WARN_STRICT_PROTOTYPES = YES;
				CLANG_WARN_SUSPICIOUS_MOVE = YES;
				CLANG_WARN_UNGUARDED_AVAILABILITY = YES_AGGRESSIVE;
				CLANG_WARN_UNREACHABLE_CODE = YES;
				CLANG_WARN__DUPLICATE_METHOD_MATCH = YES;
				CODE_SIGN_IDENTITY = "iPhone Developer";
				COPY_PHASE_STRIP = NO;
				DEBUG_INFORMATION_FORMAT = "dwarf-with-dsym";
				ENABLE_NS_ASSERTIONS = NO;
				ENABLE_STRICT_OBJC_MSGSEND = YES;
				GCC_C_LANGUAGE_STANDARD = gnu11;
				GCC_NO_COMMON_BLOCKS = YES;
				GCC_WARN_64_TO_32_BIT_CONVERSION = YES;
				GCC_WARN_ABOUT_RETURN_TYPE = YES_ERROR;
				GCC_WARN_UNDECLARED_SELECTOR = YES;
				GCC_WARN_UNINITIALIZED_AUTOS = YES_AGGRESSIVE;
				GCC_WARN_UNUSED_FUNCTION = YES;
				GCC_WARN_UNUSED_VARIABLE = YES;
				IPHONEOS_DEPLOYMENT_TARGET = 9.0;
				MTL_ENABLE_DEBUG_INFO = NO;
				SDKROOT = iphoneos;
				SWIFT_OPTIMIZATION_LEVEL = "-Owholemodule";
				VALIDATE_PRODUCT = YES;
			};
			name = Release;
		};
		34BB01881F2D17CF004D796B /* Debug */ = {
			isa = XCBuildConfiguration;
			buildSettings = {
				ALWAYS_EMBED_SWIFT_STANDARD_LIBRARIES = YES;
				ASSETCATALOG_COMPILER_APPICON_NAME = AppIcon;
				DEVELOPMENT_TEAM = 2FNC3A47ZF;
				INFOPLIST_FILE = Sample/Info.plist;
				LD_RUNPATH_SEARCH_PATHS = "$(inherited) @executable_path/Frameworks";
				PRODUCT_BUNDLE_IDENTIFIER = com.spotify.SwiftLoginSample;
				PRODUCT_NAME = "$(TARGET_NAME)";
				SWIFT_VERSION = 4.0;
				TARGETED_DEVICE_FAMILY = "1,2";
			};
			name = Debug;
		};
		34BB01891F2D17CF004D796B /* Release */ = {
			isa = XCBuildConfiguration;
			buildSettings = {
				ALWAYS_EMBED_SWIFT_STANDARD_LIBRARIES = YES;
				ASSETCATALOG_COMPILER_APPICON_NAME = AppIcon;
				DEVELOPMENT_TEAM = 2FNC3A47ZF;
				INFOPLIST_FILE = Sample/Info.plist;
				LD_RUNPATH_SEARCH_PATHS = "$(inherited) @executable_path/Frameworks";
				PRODUCT_BUNDLE_IDENTIFIER = com.spotify.SwiftLoginSample;
				PRODUCT_NAME = "$(TARGET_NAME)";
				SWIFT_VERSION = 4.0;
				TARGETED_DEVICE_FAMILY = "1,2";
			};
			name = Release;
		};
		34BB018B1F2D17CF004D796B /* Debug */ = {
			isa = XCBuildConfiguration;
			buildSettings = {
				ALWAYS_EMBED_SWIFT_STANDARD_LIBRARIES = YES;
				BUNDLE_LOADER = "$(TEST_HOST)";
				DEVELOPMENT_TEAM = 2FNC3A47ZF;
				INFOPLIST_FILE = SampleTests/Info.plist;
				LD_RUNPATH_SEARCH_PATHS = "$(inherited) @executable_path/Frameworks @loader_path/Frameworks";
				PRODUCT_BUNDLE_IDENTIFIER = com.spotify.SampleTests;
				PRODUCT_NAME = "$(TARGET_NAME)";
				SWIFT_VERSION = 4.0;
				TARGETED_DEVICE_FAMILY = "1,2";
				TEST_HOST = "$(BUILT_PRODUCTS_DIR)/Sample.app/Sample";
			};
			name = Debug;
		};
		34BB018C1F2D17CF004D796B /* Release */ = {
			isa = XCBuildConfiguration;
			buildSettings = {
				ALWAYS_EMBED_SWIFT_STANDARD_LIBRARIES = YES;
				BUNDLE_LOADER = "$(TEST_HOST)";
				DEVELOPMENT_TEAM = 2FNC3A47ZF;
				INFOPLIST_FILE = SampleTests/Info.plist;
				LD_RUNPATH_SEARCH_PATHS = "$(inherited) @executable_path/Frameworks @loader_path/Frameworks";
				PRODUCT_BUNDLE_IDENTIFIER = com.spotify.SampleTests;
				PRODUCT_NAME = "$(TARGET_NAME)";
				SWIFT_VERSION = 4.0;
				TARGETED_DEVICE_FAMILY = "1,2";
				TEST_HOST = "$(BUILT_PRODUCTS_DIR)/Sample.app/Sample";
			};
			name = Release;
		};
/* End XCBuildConfiguration section */

/* Begin XCConfigurationList section */
		34BB01651F2D17CE004D796B /* Build configuration list for PBXProject "Sample" */ = {
			isa = XCConfigurationList;
			buildConfigurations = (
				34BB01851F2D17CF004D796B /* Debug */,
				34BB01861F2D17CF004D796B /* Release */,
			);
			defaultConfigurationIsVisible = 0;
			defaultConfigurationName = Release;
		};
		34BB01871F2D17CF004D796B /* Build configuration list for PBXNativeTarget "Sample" */ = {
			isa = XCConfigurationList;
			buildConfigurations = (
				34BB01881F2D17CF004D796B /* Debug */,
				34BB01891F2D17CF004D796B /* Release */,
			);
			defaultConfigurationIsVisible = 0;
			defaultConfigurationName = Release;
		};
		34BB018A1F2D17CF004D796B /* Build configuration list for PBXNativeTarget "SampleTests" */ = {
			isa = XCConfigurationList;
			buildConfigurations = (
				34BB018B1F2D17CF004D796B /* Debug */,
				34BB018C1F2D17CF004D796B /* Release */,
			);
			defaultConfigurationIsVisible = 0;
			defaultConfigurationName = Release;
		};
/* End XCConfigurationList section */
	};
	rootObject = 34BB01621F2D17CE004D796B /* Project object */;
}
