// !$*UTF8*$!
{
	archiveVersion = 1;
	classes = {
	};
	objectVersion = 46;
	objects = {

/* Begin PBXBuildFile section */
		34057DB21F2D27B8001D65AA /* Networking.swift in Sources */ = {isa = PBXBuildFile; fileRef = 34057DB11F2D27B8001D65AA /* Networking.swift */; };
		340A6D581F306F4D004D16FC /* SpotifyLoginButton.swift in Sources */ = {isa = PBXBuildFile; fileRef = 340A6D571F306F4D004D16FC /* SpotifyLoginButton.swift */; };
		340A6D601F307490004D16FC /* spotifylogo-32.png in Resources */ = {isa = PBXBuildFile; fileRef = 340A6D5D1F307490004D16FC /* spotifylogo-32.png */; };
		340A6D611F307490004D16FC /* spotifylogo-32@2x.png in Resources */ = {isa = PBXBuildFile; fileRef = 340A6D5E1F307490004D16FC /* spotifylogo-32@2x.png */; };
		340A6D621F307490004D16FC /* spotifylogo-32@3x.png in Resources */ = {isa = PBXBuildFile; fileRef = 340A6D5F1F307490004D16FC /* spotifylogo-32@3x.png */; };
		3432C7301F2DCBDE0001E70D /* Scope.swift in Sources */ = {isa = PBXBuildFile; fileRef = 3432C72F1F2DCBDE0001E70D /* Scope.swift */; };
		3432C7321F2DCBF30001E70D /* URLBuilder.swift in Sources */ = {isa = PBXBuildFile; fileRef = 3432C7311F2DCBF30001E70D /* URLBuilder.swift */; };
		344B226B1F30D530008D4CAF /* SpotifyLoginPresenter.swift in Sources */ = {isa = PBXBuildFile; fileRef = 344B226A1F30D530008D4CAF /* SpotifyLoginPresenter.swift */; };
		3479D28F1EC1ADEE00FF4EE2 /* SpotifyLogin.framework in Frameworks */ = {isa = PBXBuildFile; fileRef = 3479D2851EC1ADEE00FF4EE2 /* SpotifyLogin.framework */; };
		3479D2941EC1ADEE00FF4EE2 /* SpotifyLoginTests.swift in Sources */ = {isa = PBXBuildFile; fileRef = 3479D2931EC1ADEE00FF4EE2 /* SpotifyLoginTests.swift */; };
		3479D2961EC1ADEE00FF4EE2 /* SpotifyLogin.h in Headers */ = {isa = PBXBuildFile; fileRef = 3479D2881EC1ADEE00FF4EE2 /* SpotifyLogin.h */; settings = {ATTRIBUTES = (Public, ); }; };
		3479D2A31EC1B00B00FF4EE2 /* SpotifyLogin.swift in Sources */ = {isa = PBXBuildFile; fileRef = 3479D2A21EC1B00B00FF4EE2 /* SpotifyLogin.swift */; };
		3479D2A51EC1B50900FF4EE2 /* Constants.swift in Sources */ = {isa = PBXBuildFile; fileRef = 3479D2A41EC1B50900FF4EE2 /* Constants.swift */; };
		34AB98631F2DEDD300FE5F3B /* SafariDelegate.swift in Sources */ = {isa = PBXBuildFile; fileRef = 34AB98621F2DEDD300FE5F3B /* SafariDelegate.swift */; };
		BEF4FC611EC1AE810082945B /* Session.swift in Sources */ = {isa = PBXBuildFile; fileRef = BEF4FC601EC1AE810082945B /* Session.swift */; };
		E19201361F8CD6D100DA1AB1 /* SessionLocalStorage.swift in Sources */ = {isa = PBXBuildFile; fileRef = E19201351F8CD66B00DA1AB1 /* SessionLocalStorage.swift */; };
/* End PBXBuildFile section */

/* Begin PBXContainerItemProxy section */
		3479D2901EC1ADEE00FF4EE2 /* PBXContainerItemProxy */ = {
			isa = PBXContainerItemProxy;
			containerPortal = 3479D27C1EC1ADEE00FF4EE2 /* Project object */;
			proxyType = 1;
			remoteGlobalIDString = 3479D2841EC1ADEE00FF4EE2;
			remoteInfo = SpotifyAuth;
		};
/* End PBXContainerItemProxy section */

/* Begin PBXFileReference section */
		34057DB11F2D27B8001D65AA /* Networking.swift */ = {isa = PBXFileReference; lastKnownFileType = sourcecode.swift; path = Networking.swift; sourceTree = "<group>"; };
		340A6D571F306F4D004D16FC /* SpotifyLoginButton.swift */ = {isa = PBXFileReference; lastKnownFileType = sourcecode.swift; name = SpotifyLoginButton.swift; path = ../Sources/SpotifyLoginButton.swift; sourceTree = "<group>"; };
		340A6D5D1F307490004D16FC /* spotifylogo-32.png */ = {isa = PBXFileReference; lastKnownFileType = image.png; path = "spotifylogo-32.png"; sourceTree = "<group>"; };
		340A6D5E1F307490004D16FC /* spotifylogo-32@2x.png */ = {isa = PBXFileReference; lastKnownFileType = image.png; path = "spotifylogo-32@2x.png"; sourceTree = "<group>"; };
		340A6D5F1F307490004D16FC /* spotifylogo-32@3x.png */ = {isa = PBXFileReference; lastKnownFileType = image.png; path = "spotifylogo-32@3x.png"; sourceTree = "<group>"; };
		3432C72F1F2DCBDE0001E70D /* Scope.swift */ = {isa = PBXFileReference; lastKnownFileType = sourcecode.swift; name = Scope.swift; path = ../Sources/Scope.swift; sourceTree = "<group>"; };
		3432C7311F2DCBF30001E70D /* URLBuilder.swift */ = {isa = PBXFileReference; lastKnownFileType = sourcecode.swift; path = URLBuilder.swift; sourceTree = "<group>"; };
		344B226A1F30D530008D4CAF /* SpotifyLoginPresenter.swift */ = {isa = PBXFileReference; lastKnownFileType = sourcecode.swift; name = SpotifyLoginPresenter.swift; path = Sources/SpotifyLoginPresenter.swift; sourceTree = SOURCE_ROOT; };
		3479D2851EC1ADEE00FF4EE2 /* SpotifyLogin.framework */ = {isa = PBXFileReference; explicitFileType = wrapper.framework; includeInIndex = 0; path = SpotifyLogin.framework; sourceTree = BUILT_PRODUCTS_DIR; };
		3479D2881EC1ADEE00FF4EE2 /* SpotifyLogin.h */ = {isa = PBXFileReference; lastKnownFileType = sourcecode.c.h; path = SpotifyLogin.h; sourceTree = "<group>"; };
		3479D2891EC1ADEE00FF4EE2 /* Info.plist */ = {isa = PBXFileReference; lastKnownFileType = text.plist.xml; path = Info.plist; sourceTree = "<group>"; };
		3479D28E1EC1ADEE00FF4EE2 /* SpotifyLoginTests.xctest */ = {isa = PBXFileReference; explicitFileType = wrapper.cfbundle; includeInIndex = 0; path = SpotifyLoginTests.xctest; sourceTree = BUILT_PRODUCTS_DIR; };
		3479D2931EC1ADEE00FF4EE2 /* SpotifyLoginTests.swift */ = {isa = PBXFileReference; lastKnownFileType = sourcecode.swift; path = SpotifyLoginTests.swift; sourceTree = "<group>"; };
		3479D2951EC1ADEE00FF4EE2 /* Info.plist */ = {isa = PBXFileReference; lastKnownFileType = text.plist.xml; path = Info.plist; sourceTree = "<group>"; };
		3479D2A21EC1B00B00FF4EE2 /* SpotifyLogin.swift */ = {isa = PBXFileReference; fileEncoding = 4; lastKnownFileType = sourcecode.swift; name = SpotifyLogin.swift; path = ../Sources/SpotifyLogin.swift; sourceTree = "<group>"; };
		3479D2A41EC1B50900FF4EE2 /* Constants.swift */ = {isa = PBXFileReference; fileEncoding = 4; lastKnownFileType = sourcecode.swift; path = Constants.swift; sourceTree = "<group>"; };
		34AB98621F2DEDD300FE5F3B /* SafariDelegate.swift */ = {isa = PBXFileReference; lastKnownFileType = sourcecode.swift; path = SafariDelegate.swift; sourceTree = "<group>"; };
		BEF4FC601EC1AE810082945B /* Session.swift */ = {isa = PBXFileReference; fileEncoding = 4; lastKnownFileType = sourcecode.swift; path = Session.swift; sourceTree = "<group>"; };
		E19201351F8CD66B00DA1AB1 /* SessionLocalStorage.swift */ = {isa = PBXFileReference; lastKnownFileType = sourcecode.swift; path = SessionLocalStorage.swift; sourceTree = "<group>"; };
/* End PBXFileReference section */

/* Begin PBXFrameworksBuildPhase section */
		3479D2811EC1ADEE00FF4EE2 /* Frameworks */ = {
			isa = PBXFrameworksBuildPhase;
			buildActionMask = 2147483647;
			files = (
			);
			runOnlyForDeploymentPostprocessing = 0;
		};
		3479D28B1EC1ADEE00FF4EE2 /* Frameworks */ = {
			isa = PBXFrameworksBuildPhase;
			buildActionMask = 2147483647;
			files = (
				3479D28F1EC1ADEE00FF4EE2 /* SpotifyLogin.framework in Frameworks */,
			);
			runOnlyForDeploymentPostprocessing = 0;
		};
/* End PBXFrameworksBuildPhase section */

/* Begin PBXGroup section */
		340A6D5C1F307485004D16FC /* Resources */ = {
			isa = PBXGroup;
			children = (
				340A6D5D1F307490004D16FC /* spotifylogo-32.png */,
				340A6D5E1F307490004D16FC /* spotifylogo-32@2x.png */,
				340A6D5F1F307490004D16FC /* spotifylogo-32@3x.png */,
			);
			path = Resources;
			sourceTree = "<group>";
		};
		3432C7331F2DCF250001E70D /* Internal */ = {
			isa = PBXGroup;
			children = (
				3479D2A41EC1B50900FF4EE2 /* Constants.swift */,
				34057DB11F2D27B8001D65AA /* Networking.swift */,
				BEF4FC601EC1AE810082945B /* Session.swift */,
				E19201351F8CD66B00DA1AB1 /* SessionLocalStorage.swift */,
				3432C7311F2DCBF30001E70D /* URLBuilder.swift */,
				34AB98621F2DEDD300FE5F3B /* SafariDelegate.swift */,
			);
			name = Internal;
			path = ../Sources/Internal;
			sourceTree = "<group>";
		};
		3479D27B1EC1ADEE00FF4EE2 = {
			isa = PBXGroup;
			children = (
				3479D2871EC1ADEE00FF4EE2 /* SpotifyLogin */,
				3479D2921EC1ADEE00FF4EE2 /* SpotifyLoginTests */,
				3479D2861EC1ADEE00FF4EE2 /* Products */,
			);
			sourceTree = "<group>";
		};
		3479D2861EC1ADEE00FF4EE2 /* Products */ = {
			isa = PBXGroup;
			children = (
				3479D2851EC1ADEE00FF4EE2 /* SpotifyLogin.framework */,
				3479D28E1EC1ADEE00FF4EE2 /* SpotifyLoginTests.xctest */,
			);
			name = Products;
			sourceTree = "<group>";
		};
		3479D2871EC1ADEE00FF4EE2 /* SpotifyLogin */ = {
			isa = PBXGroup;
			children = (
				340A6D5C1F307485004D16FC /* Resources */,
				3432C7331F2DCF250001E70D /* Internal */,
				3479D2891EC1ADEE00FF4EE2 /* Info.plist */,
				3432C72F1F2DCBDE0001E70D /* Scope.swift */,
				3479D2881EC1ADEE00FF4EE2 /* SpotifyLogin.h */,
				340A6D571F306F4D004D16FC /* SpotifyLoginButton.swift */,
				3479D2A21EC1B00B00FF4EE2 /* SpotifyLogin.swift */,
				344B226A1F30D530008D4CAF /* SpotifyLoginPresenter.swift */,
			);
			path = SpotifyLogin;
			sourceTree = "<group>";
		};
		3479D2921EC1ADEE00FF4EE2 /* SpotifyLoginTests */ = {
			isa = PBXGroup;
			children = (
				3479D2931EC1ADEE00FF4EE2 /* SpotifyLoginTests.swift */,
				3479D2951EC1ADEE00FF4EE2 /* Info.plist */,
			);
			path = SpotifyLoginTests;
			sourceTree = "<group>";
		};
/* End PBXGroup section */

/* Begin PBXHeadersBuildPhase section */
		3479D2821EC1ADEE00FF4EE2 /* Headers */ = {
			isa = PBXHeadersBuildPhase;
			buildActionMask = 2147483647;
			files = (
				3479D2961EC1ADEE00FF4EE2 /* SpotifyLogin.h in Headers */,
			);
			runOnlyForDeploymentPostprocessing = 0;
		};
/* End PBXHeadersBuildPhase section */

/* Begin PBXNativeTarget section */
		3479D2841EC1ADEE00FF4EE2 /* SpotifyLogin */ = {
			isa = PBXNativeTarget;
			buildConfigurationList = 3479D2991EC1ADEE00FF4EE2 /* Build configuration list for PBXNativeTarget "SpotifyLogin" */;
			buildPhases = (
				3479D2801EC1ADEE00FF4EE2 /* Sources */,
				3479D2811EC1ADEE00FF4EE2 /* Frameworks */,
				3479D2821EC1ADEE00FF4EE2 /* Headers */,
				3479D2831EC1ADEE00FF4EE2 /* Resources */,
				BD104D231FA8E6C300C7BA1D /* Swift Lint */,
			);
			buildRules = (
			);
			dependencies = (
			);
			name = SpotifyLogin;
			productName = SpotifyAuth;
			productReference = 3479D2851EC1ADEE00FF4EE2 /* SpotifyLogin.framework */;
			productType = "com.apple.product-type.framework";
		};
		3479D28D1EC1ADEE00FF4EE2 /* SpotifyLoginTests */ = {
			isa = PBXNativeTarget;
			buildConfigurationList = 3479D29C1EC1ADEE00FF4EE2 /* Build configuration list for PBXNativeTarget "SpotifyLoginTests" */;
			buildPhases = (
				3479D28A1EC1ADEE00FF4EE2 /* Sources */,
				3479D28B1EC1ADEE00FF4EE2 /* Frameworks */,
				3479D28C1EC1ADEE00FF4EE2 /* Resources */,
			);
			buildRules = (
			);
			dependencies = (
				3479D2911EC1ADEE00FF4EE2 /* PBXTargetDependency */,
			);
			name = SpotifyLoginTests;
			productName = SpotifyAuthTests;
			productReference = 3479D28E1EC1ADEE00FF4EE2 /* SpotifyLoginTests.xctest */;
			productType = "com.apple.product-type.bundle.unit-test";
		};
/* End PBXNativeTarget section */

/* Begin PBXProject section */
		3479D27C1EC1ADEE00FF4EE2 /* Project object */ = {
			isa = PBXProject;
			attributes = {
				LastSwiftUpdateCheck = 0830;
				LastUpgradeCheck = 0900;
				ORGANIZATIONNAME = Spotify;
				TargetAttributes = {
					3479D2841EC1ADEE00FF4EE2 = {
						CreatedOnToolsVersion = 8.3.2;
						DevelopmentTeam = 2FNC3A47ZF;
						LastSwiftMigration = 0900;
						ProvisioningStyle = Automatic;
					};
					3479D28D1EC1ADEE00FF4EE2 = {
						CreatedOnToolsVersion = 8.3.2;
						DevelopmentTeam = 2FNC3A47ZF;
						LastSwiftMigration = 0910;
						ProvisioningStyle = Automatic;
					};
				};
			};
			buildConfigurationList = 3479D27F1EC1ADEE00FF4EE2 /* Build configuration list for PBXProject "SpotifyLogin" */;
			compatibilityVersion = "Xcode 3.2";
			developmentRegion = English;
			hasScannedForEncodings = 0;
			knownRegions = (
				en,
			);
			mainGroup = 3479D27B1EC1ADEE00FF4EE2;
			productRefGroup = 3479D2861EC1ADEE00FF4EE2 /* Products */;
			projectDirPath = "";
			projectRoot = "";
			targets = (
				3479D2841EC1ADEE00FF4EE2 /* SpotifyLogin */,
				3479D28D1EC1ADEE00FF4EE2 /* SpotifyLoginTests */,
			);
		};
/* End PBXProject section */

/* Begin PBXResourcesBuildPhase section */
		3479D2831EC1ADEE00FF4EE2 /* Resources */ = {
			isa = PBXResourcesBuildPhase;
			buildActionMask = 2147483647;
			files = (
				340A6D601F307490004D16FC /* spotifylogo-32.png in Resources */,
				340A6D611F307490004D16FC /* spotifylogo-32@2x.png in Resources */,
				340A6D621F307490004D16FC /* spotifylogo-32@3x.png in Resources */,
			);
			runOnlyForDeploymentPostprocessing = 0;
		};
		3479D28C1EC1ADEE00FF4EE2 /* Resources */ = {
			isa = PBXResourcesBuildPhase;
			buildActionMask = 2147483647;
			files = (
			);
			runOnlyForDeploymentPostprocessing = 0;
		};
/* End PBXResourcesBuildPhase section */

/* Begin PBXShellScriptBuildPhase section */
		BD104D231FA8E6C300C7BA1D /* Swift Lint */ = {
			isa = PBXShellScriptBuildPhase;
			buildActionMask = 2147483647;
			files = (
			);
			inputPaths = (
			);
			name = "Swift Lint";
			outputPaths = (
			);
			runOnlyForDeploymentPostprocessing = 0;
			shellPath = /bin/sh;
			shellScript = "if which swiftlint >/dev/null; then\nswiftlint\nelse\necho \"warning: SwiftLint not installed, download from https://github.com/realm/SwiftLint\"\nfi";
		};
/* End PBXShellScriptBuildPhase section */

/* Begin PBXSourcesBuildPhase section */
		3479D2801EC1ADEE00FF4EE2 /* Sources */ = {
			isa = PBXSourcesBuildPhase;
			buildActionMask = 2147483647;
			files = (
				34AB98631F2DEDD300FE5F3B /* SafariDelegate.swift in Sources */,
				3432C7301F2DCBDE0001E70D /* Scope.swift in Sources */,
				3432C7321F2DCBF30001E70D /* URLBuilder.swift in Sources */,
				BEF4FC611EC1AE810082945B /* Session.swift in Sources */,
				34057DB21F2D27B8001D65AA /* Networking.swift in Sources */,
				344B226B1F30D530008D4CAF /* SpotifyLoginPresenter.swift in Sources */,
				E19201361F8CD6D100DA1AB1 /* SessionLocalStorage.swift in Sources */,
				3479D2A31EC1B00B00FF4EE2 /* SpotifyLogin.swift in Sources */,
				340A6D581F306F4D004D16FC /* SpotifyLoginButton.swift in Sources */,
				3479D2A51EC1B50900FF4EE2 /* Constants.swift in Sources */,
			);
			runOnlyForDeploymentPostprocessing = 0;
		};
		3479D28A1EC1ADEE00FF4EE2 /* Sources */ = {
			isa = PBXSourcesBuildPhase;
			buildActionMask = 2147483647;
			files = (
				3479D2941EC1ADEE00FF4EE2 /* SpotifyLoginTests.swift in Sources */,
			);
			runOnlyForDeploymentPostprocessing = 0;
		};
/* End PBXSourcesBuildPhase section */

/* Begin PBXTargetDependency section */
		3479D2911EC1ADEE00FF4EE2 /* PBXTargetDependency */ = {
			isa = PBXTargetDependency;
			target = 3479D2841EC1ADEE00FF4EE2 /* SpotifyLogin */;
			targetProxy = 3479D2901EC1ADEE00FF4EE2 /* PBXContainerItemProxy */;
		};
/* End PBXTargetDependency section */

/* Begin XCBuildConfiguration section */
		3479D2971EC1ADEE00FF4EE2 /* Debug */ = {
			isa = XCBuildConfiguration;
			buildSettings = {
				ALWAYS_SEARCH_USER_PATHS = NO;
				CLANG_ANALYZER_NONNULL = YES;
				CLANG_ANALYZER_NUMBER_OBJECT_CONVERSION = YES_AGGRESSIVE;
				CLANG_CXX_LANGUAGE_STANDARD = "gnu++0x";
				CLANG_CXX_LIBRARY = "libc++";
				CLANG_ENABLE_MODULES = YES;
				CLANG_ENABLE_OBJC_ARC = YES;
				CLANG_WARN_BLOCK_CAPTURE_AUTORELEASING = YES;
				CLANG_WARN_BOOL_CONVERSION = YES;
				CLANG_WARN_COMMA = YES;
				CLANG_WARN_CONSTANT_CONVERSION = YES;
				CLANG_WARN_DIRECT_OBJC_ISA_USAGE = YES_ERROR;
				CLANG_WARN_DOCUMENTATION_COMMENTS = YES;
				CLANG_WARN_EMPTY_BODY = YES;
				CLANG_WARN_ENUM_CONVERSION = YES;
				CLANG_WARN_INFINITE_RECURSION = YES;
				CLANG_WARN_INT_CONVERSION = YES;
				CLANG_WARN_NON_LITERAL_NULL_CONVERSION = YES;
				CLANG_WARN_OBJC_LITERAL_CONVERSION = YES;
				CLANG_WARN_OBJC_ROOT_CLASS = YES_ERROR;
				CLANG_WARN_RANGE_LOOP_ANALYSIS = YES;
				CLANG_WARN_STRICT_PROTOTYPES = YES;
				CLANG_WARN_SUSPICIOUS_MOVE = YES;
				CLANG_WARN_UNREACHABLE_CODE = YES;
				CLANG_WARN__DUPLICATE_METHOD_MATCH = YES;
				"CODE_SIGN_IDENTITY[sdk=iphoneos*]" = "iPhone Developer";
				COPY_PHASE_STRIP = NO;
				CURRENT_PROJECT_VERSION = 6;
				DEBUG_INFORMATION_FORMAT = dwarf;
				ENABLE_STRICT_OBJC_MSGSEND = YES;
				ENABLE_TESTABILITY = YES;
				GCC_C_LANGUAGE_STANDARD = gnu99;
				GCC_DYNAMIC_NO_PIC = NO;
				GCC_NO_COMMON_BLOCKS = YES;
				GCC_OPTIMIZATION_LEVEL = 0;
				GCC_PREPROCESSOR_DEFINITIONS = (
					"DEBUG=1",
					"$(inherited)",
				);
				GCC_WARN_64_TO_32_BIT_CONVERSION = YES;
				GCC_WARN_ABOUT_RETURN_TYPE = YES_ERROR;
				GCC_WARN_UNDECLARED_SELECTOR = YES;
				GCC_WARN_UNINITIALIZED_AUTOS = YES_AGGRESSIVE;
				GCC_WARN_UNUSED_FUNCTION = YES;
				GCC_WARN_UNUSED_VARIABLE = YES;
				IPHONEOS_DEPLOYMENT_TARGET = 10.3;
				MTL_ENABLE_DEBUG_INFO = YES;
				ONLY_ACTIVE_ARCH = YES;
				SDKROOT = iphoneos;
				SWIFT_ACTIVE_COMPILATION_CONDITIONS = DEBUG;
				SWIFT_OPTIMIZATION_LEVEL = "-Onone";
				TARGETED_DEVICE_FAMILY = "1,2";
				VERSIONING_SYSTEM = "apple-generic";
				VERSION_INFO_PREFIX = "";
			};
			name = Debug;
		};
		3479D2981EC1ADEE00FF4EE2 /* Release */ = {
			isa = XCBuildConfiguration;
			buildSettings = {
				ALWAYS_SEARCH_USER_PATHS = NO;
				CLANG_ANALYZER_NONNULL = YES;
				CLANG_ANALYZER_NUMBER_OBJECT_CONVERSION = YES_AGGRESSIVE;
				CLANG_CXX_LANGUAGE_STANDARD = "gnu++0x";
				CLANG_CXX_LIBRARY = "libc++";
				CLANG_ENABLE_MODULES = YES;
				CLANG_ENABLE_OBJC_ARC = YES;
				CLANG_WARN_BLOCK_CAPTURE_AUTORELEASING = YES;
				CLANG_WARN_BOOL_CONVERSION = YES;
				CLANG_WARN_COMMA = YES;
				CLANG_WARN_CONSTANT_CONVERSION = YES;
				CLANG_WARN_DIRECT_OBJC_ISA_USAGE = YES_ERROR;
				CLANG_WARN_DOCUMENTATION_COMMENTS = YES;
				CLANG_WARN_EMPTY_BODY = YES;
				CLANG_WARN_ENUM_CONVERSION = YES;
				CLANG_WARN_INFINITE_RECURSION = YES;
				CLANG_WARN_INT_CONVERSION = YES;
				CLANG_WARN_NON_LITERAL_NULL_CONVERSION = YES;
				CLANG_WARN_OBJC_LITERAL_CONVERSION = YES;
				CLANG_WARN_OBJC_ROOT_CLASS = YES_ERROR;
				CLANG_WARN_RANGE_LOOP_ANALYSIS = YES;
				CLANG_WARN_STRICT_PROTOTYPES = YES;
				CLANG_WARN_SUSPICIOUS_MOVE = YES;
				CLANG_WARN_UNREACHABLE_CODE = YES;
				CLANG_WARN__DUPLICATE_METHOD_MATCH = YES;
				"CODE_SIGN_IDENTITY[sdk=iphoneos*]" = "iPhone Developer";
				COPY_PHASE_STRIP = NO;
				CURRENT_PROJECT_VERSION = 6;
				DEBUG_INFORMATION_FORMAT = "dwarf-with-dsym";
				ENABLE_NS_ASSERTIONS = NO;
				ENABLE_STRICT_OBJC_MSGSEND = YES;
				GCC_C_LANGUAGE_STANDARD = gnu99;
				GCC_NO_COMMON_BLOCKS = YES;
				GCC_WARN_64_TO_32_BIT_CONVERSION = YES;
				GCC_WARN_ABOUT_RETURN_TYPE = YES_ERROR;
				GCC_WARN_UNDECLARED_SELECTOR = YES;
				GCC_WARN_UNINITIALIZED_AUTOS = YES_AGGRESSIVE;
				GCC_WARN_UNUSED_FUNCTION = YES;
				GCC_WARN_UNUSED_VARIABLE = YES;
				IPHONEOS_DEPLOYMENT_TARGET = 10.3;
				MTL_ENABLE_DEBUG_INFO = NO;
				SDKROOT = iphoneos;
				SWIFT_OPTIMIZATION_LEVEL = "-Owholemodule";
				TARGETED_DEVICE_FAMILY = "1,2";
				VALIDATE_PRODUCT = YES;
				VERSIONING_SYSTEM = "apple-generic";
				VERSION_INFO_PREFIX = "";
			};
			name = Release;
		};
		3479D29A1EC1ADEE00FF4EE2 /* Debug */ = {
			isa = XCBuildConfiguration;
			buildSettings = {
				CLANG_ENABLE_MODULES = YES;
				CODE_SIGN_IDENTITY = "";
				DEFINES_MODULE = YES;
				DEVELOPMENT_TEAM = 2FNC3A47ZF;
				DYLIB_COMPATIBILITY_VERSION = 1;
				DYLIB_CURRENT_VERSION = 6;
				DYLIB_INSTALL_NAME_BASE = "@rpath";
				INFOPLIST_FILE = "$(SRCROOT)/SpotifyLogin/Info.plist";
				INSTALL_PATH = "$(LOCAL_LIBRARY_DIR)/Frameworks";
				IPHONEOS_DEPLOYMENT_TARGET = 9.0;
				LD_RUNPATH_SEARCH_PATHS = "$(inherited) @executable_path/Frameworks @loader_path/Frameworks";
				PRODUCT_BUNDLE_IDENTIFIER = com.spotify.SpotifyLogin;
				PRODUCT_NAME = "$(TARGET_NAME)";
				SKIP_INSTALL = YES;
				SWIFT_OPTIMIZATION_LEVEL = "-Onone";
				SWIFT_VERSION = 4.0;
			};
			name = Debug;
		};
		3479D29B1EC1ADEE00FF4EE2 /* Release */ = {
			isa = XCBuildConfiguration;
			buildSettings = {
				CLANG_ENABLE_MODULES = YES;
				CODE_SIGN_IDENTITY = "";
				DEFINES_MODULE = YES;
				DEVELOPMENT_TEAM = 2FNC3A47ZF;
				DYLIB_COMPATIBILITY_VERSION = 1;
				DYLIB_CURRENT_VERSION = 6;
				DYLIB_INSTALL_NAME_BASE = "@rpath";
				INFOPLIST_FILE = "$(SRCROOT)/SpotifyLogin/Info.plist";
				INSTALL_PATH = "$(LOCAL_LIBRARY_DIR)/Frameworks";
				IPHONEOS_DEPLOYMENT_TARGET = 9.0;
				LD_RUNPATH_SEARCH_PATHS = "$(inherited) @executable_path/Frameworks @loader_path/Frameworks";
				PRODUCT_BUNDLE_IDENTIFIER = com.spotify.SpotifyLogin;
				PRODUCT_NAME = "$(TARGET_NAME)";
				SKIP_INSTALL = YES;
				SWIFT_VERSION = 4.0;
			};
			name = Release;
		};
		3479D29D1EC1ADEE00FF4EE2 /* Debug */ = {
			isa = XCBuildConfiguration;
			buildSettings = {
				ALWAYS_EMBED_SWIFT_STANDARD_LIBRARIES = YES;
				DEVELOPMENT_TEAM = 2FNC3A47ZF;
				INFOPLIST_FILE = SpotifyLoginTests/Info.plist;
				LD_RUNPATH_SEARCH_PATHS = "$(inherited) @executable_path/Frameworks @loader_path/Frameworks";
				PRODUCT_BUNDLE_IDENTIFIER = com.spotify.SpotifyLoginTests;
				PRODUCT_NAME = "$(TARGET_NAME)";
				SWIFT_VERSION = 4.0;
			};
			name = Debug;
		};
		3479D29E1EC1ADEE00FF4EE2 /* Release */ = {
			isa = XCBuildConfiguration;
			buildSettings = {
				ALWAYS_EMBED_SWIFT_STANDARD_LIBRARIES = YES;
				DEVELOPMENT_TEAM = 2FNC3A47ZF;
				INFOPLIST_FILE = SpotifyLoginTests/Info.plist;
				LD_RUNPATH_SEARCH_PATHS = "$(inherited) @executable_path/Frameworks @loader_path/Frameworks";
				PRODUCT_BUNDLE_IDENTIFIER = com.spotify.SpotifyLoginTests;
				PRODUCT_NAME = "$(TARGET_NAME)";
				SWIFT_VERSION = 4.0;
			};
			name = Release;
		};
/* End XCBuildConfiguration section */

/* Begin XCConfigurationList section */
		3479D27F1EC1ADEE00FF4EE2 /* Build configuration list for PBXProject "SpotifyLogin" */ = {
			isa = XCConfigurationList;
			buildConfigurations = (
				3479D2971EC1ADEE00FF4EE2 /* Debug */,
				3479D2981EC1ADEE00FF4EE2 /* Release */,
			);
			defaultConfigurationIsVisible = 0;
			defaultConfigurationName = Release;
		};
		3479D2991EC1ADEE00FF4EE2 /* Build configuration list for PBXNativeTarget "SpotifyLogin" */ = {
			isa = XCConfigurationList;
			buildConfigurations = (
				3479D29A1EC1ADEE00FF4EE2 /* Debug */,
				3479D29B1EC1ADEE00FF4EE2 /* Release */,
			);
			defaultConfigurationIsVisible = 0;
			defaultConfigurationName = Release;
		};
		3479D29C1EC1ADEE00FF4EE2 /* Build configuration list for PBXNativeTarget "SpotifyLoginTests" */ = {
			isa = XCConfigurationList;
			buildConfigurations = (
				3479D29D1EC1ADEE00FF4EE2 /* Debug */,
				3479D29E1EC1ADEE00FF4EE2 /* Release */,
			);
			defaultConfigurationIsVisible = 0;
			defaultConfigurationName = Release;
		};
/* End XCConfigurationList section */
	};
	rootObject = 3479D27C1EC1ADEE00FF4EE2 /* Project object */;
}
